// !$*UTF8*$!
{
	archiveVersion = 1;
	classes = {
	};
	objectVersion = 46;
	objects = {
		B9E8F909595425041D417588 = {
			isa = PBXBuildFile;
			fileRef = 12F5EBD39C0AEA820759125A;
		};
		DD9DFEE7736BDF566AF15EFB = {
			isa = PBXBuildFile;
			fileRef = CAD99564A27CE8F845977180;
		};
		95F94E1A50C1A8DCC02B7C91 = {
			isa = PBXBuildFile;
			fileRef = B4F08E6E135F001714E03CF1;
		};
		0A21EC1E036CB21276662565 = {
			isa = PBXBuildFile;
			fileRef = 4D689FFEC63813C9733B5123;
		};
		16A7C7B850440B7F5FC712B8 = {
			isa = PBXBuildFile;
			fileRef = DCF7B019C6836D63B4CF889B;
		};
		56AA9E80A9B73CCC862F6148 = {
			isa = PBXBuildFile;
			fileRef = BD37A49C825CB5103005AEF1;
		};
		68A622DCB0FD454652820FBD = {
			isa = PBXBuildFile;
			fileRef = 7766662467CEACDB8C3BEC90;
		};
		26F9517DE57D4DA981C38D18 = {
			isa = PBXBuildFile;
			fileRef = EAB41B4457844BF5B7AFA491;
		};
		CEFE968253F80411D0A54C55 = {
			isa = PBXBuildFile;
			fileRef = 02DCB9D0F489C159AC88DE26;
		};
		FCB031F3C6AFD0BBEDD63A1B = {
			isa = PBXBuildFile;
			fileRef = 6802925FF9F730546AC0C40C;
		};
		B3929392E3411470584DEB60 = {
			isa = PBXBuildFile;
			fileRef = 7D3036B0F94670519934FF17;
		};
		636C25EB909AAAD34B6E3A57 = {
			isa = PBXBuildFile;
			fileRef = 8A7E6A26302BEF49A71913E9;
		};
		9B60DCDCDF448C33EEA2A19C = {
			isa = PBXBuildFile;
			fileRef = 4B36CCBCA98C384089FF41D5;
		};
		E83E52C21959AB217DA00237 = {
			isa = PBXBuildFile;
			fileRef = 60A2A4585B994180A8BF8826;
		};
		F87039CCEECA08B13528EA84 = {
			isa = PBXBuildFile;
			fileRef = F11E91959943E5359F3A894E;
		};
		E8902BCAA320F4EDE9F0D680 = {
			isa = PBXBuildFile;
			fileRef = 72E3FC203E75498C2F3A15E2;
		};
		F2D8693709479DA3FB30D6DA = {
			isa = PBXBuildFile;
			fileRef = CCEA002821986E086B42D0A8;
		};
		2B4A677E0F59FDFBCD2AFA3C = {
			isa = PBXBuildFile;
			fileRef = C1730ABBBB9288D6C5620526;
		};
		895989632B25581509DFD427 = {
			isa = PBXBuildFile;
			fileRef = 9A88D1287C54AE10DB0BB16E;
		};
		8BEDC2B143E7A8948072D595 = {
			isa = PBXBuildFile;
			fileRef = 6478446902A6858772074F68;
		};
		075D7C914F4DF05DC4E9C3F3 = {
			isa = PBXBuildFile;
			fileRef = 85198D9BE8D259C3B08E6F41;
		};
		D158F39FDC77A9BEFEBC2AE7 = {
			isa = PBXBuildFile;
			fileRef = FC5A0100EA9DD6B8E0128888;
		};
		1F4B23233E3BAF0D09A5A823 = {
			isa = PBXBuildFile;
			fileRef = 3DF199B34319CEB21151492F;
		};
		5875A312AE1FD93EFDD6C5B2 = {
			isa = PBXBuildFile;
			fileRef = 9429DBFDAAD83A8B59788937;
		};
		67E9DFA725DA86BE96C458C6 = {
			isa = PBXBuildFile;
			fileRef = 30E5CCE63416FBEACD809A8C;
		};
		3B7BB5395694096D0158A7CA = {
			isa = PBXBuildFile;
			fileRef = 56FA578BA2C442FAC89F615E;
		};
		AA95AFC8D02F02488B1A4862 = {
			isa = PBXBuildFile;
			fileRef = AD522DAD3DD590148A75B036;
		};
		E5F7F371CCED3F7673A735FA = {
			isa = PBXBuildFile;
			fileRef = 3F1462F87F8B214EF7E87389;
		};
		5515F4E5A1F0D1A9A7A21DA3 = {
			isa = PBXBuildFile;
			fileRef = C2B37E56F5BDB4B28009BD00;
		};
		9F51584DC3C4A6028EFBF0B0 = {
			isa = PBXBuildFile;
			fileRef = 60DF4381463E71A52EDB877C;
		};
		43F767D1C8AAD3285A2D6F3A = {
			isa = PBXBuildFile;
			fileRef = 73ADFAD99BF06543B7DBB3C6;
		};
		6BC5CD797691B2DB07AB1B6C = {
			isa = PBXBuildFile;
			fileRef = AA30FA5E18873B4EA1B39D47;
		};
		50361DE208C85E532BB64F9B = {
			isa = PBXBuildFile;
			fileRef = 585E88C00A05D8F0036FE91C;
		};
		E415B2B4C6F536769AB00B93 = {
			isa = PBXBuildFile;
			fileRef = 24CD5607342BAAF5E1E1E463;
		};
		59017FB25AC3FD9FD315F4FE = {
			isa = PBXBuildFile;
			fileRef = 38CED1020F382397B5FC45AA;
		};
		8E35AC712F3C2496D0D2CCA8 = {
			isa = PBXBuildFile;
			fileRef = 02C2BCA35EB7BC0A0F4B5158;
		};
		68DF92CC9249CCE36E9FF05F = {
			isa = PBXBuildFile;
			fileRef = 86DA9AF689B44802D795386E;
		};
		563E221C1A262A69166524A7 = {
			isa = PBXBuildFile;
			fileRef = 16F344935BB5E4AF634DADD1;
		};
		5499BBAE8C2E13369E765F4B = {
			isa = PBXBuildFile;
			fileRef = FECB551586952B0CE0EEB006;
		};
		AD28CD655271922AAA8DE2E2 = {
			isa = PBXBuildFile;
			fileRef = 3BBFAA502FFE0322231059CA;
		};
		D775B92926C22F7BB4D26120 = {
			isa = PBXBuildFile;
			fileRef = 1559E91B539F055F16BB2F48;
		};
		9088C60BB70F14F430A569AA = {
			isa = PBXBuildFile;
			fileRef = F998229A0FF1B16829579A32;
		};
		B492261B813CA2006AEC969C = {
			isa = PBXBuildFile;
			fileRef = 0932D49E6A76E17B2A4AA04A;
		};
		2A2EA1B1C6B90CBE8F64071B = {
			isa = PBXBuildFile;
			fileRef = DD7FF1556B47F44DA36AAB9A;
		};
		2E7A9D28DBFE18122B717166 = {
			isa = PBXBuildFile;
			fileRef = 813A2DBCBDB90D538FB28D8C;
		};
		02C2BCA35EB7BC0A0F4B5158 = {
			isa = PBXFileReference;
			lastKnownFileType = sourcecode.cpp.objcpp;
			name = "include_juce_audio_processors.mm";
			path = "../../JuceLibraryCode/include_juce_audio_processors.mm";
			sourceTree = "SOURCE_ROOT";
		};
		02DCB9D0F489C159AC88DE26 = {
			isa = PBXFileReference;
			lastKnownFileType = wrapper.framework;
			name = IOKit.framework;
			path = System/Library/Frameworks/IOKit.framework;
			sourceTree = SDKROOT;
		};
		04806540BFCC216AB57E9967 = {
			isa = PBXFileReference;
			lastKnownFileType = file;
			name = "juce_cryptography";
			path = "~/Develop/JUCE/modules/juce_cryptography";
			sourceTree = "<absolute>";
		};
		07EA4A763E4D2EFE0028FD00 = {
			isa = PBXFileReference;
			lastKnownFileType = sourcecode.c.h;
			name = TDStretch.h;
			path = ../../../Submodule/soundtouch/source/SoundTouch/TDStretch.h;
			sourceTree = "SOURCE_ROOT";
		};
		0932D49E6A76E17B2A4AA04A = {
			isa = PBXFileReference;
			lastKnownFileType = sourcecode.cpp.objcpp;
			name = "include_juce_gui_basics.mm";
			path = "../../JuceLibraryCode/include_juce_gui_basics.mm";
			sourceTree = "SOURCE_ROOT";
		};
		12F5EBD39C0AEA820759125A = {
			isa = PBXFileReference;
			explicitFileType = wrapper.application;
			includeInIndex = 0;
			path = Melissa.app;
			sourceTree = "BUILT_PRODUCTS_DIR";
		};
		1300344A9A074EE943B6BA04 = {
			isa = PBXFileReference;
			lastKnownFileType = sourcecode.c.h;
			name = STTypes.h;
			path = ../../../Submodule/soundtouch/include/STTypes.h;
			sourceTree = "SOURCE_ROOT";
		};
		1559E91B539F055F16BB2F48 = {
			isa = PBXFileReference;
			lastKnownFileType = sourcecode.cpp.objcpp;
			name = "include_juce_events.mm";
			path = "../../JuceLibraryCode/include_juce_events.mm";
			sourceTree = "SOURCE_ROOT";
		};
		15DC882ACD07845C25586491 = {
			isa = PBXFileReference;
			lastKnownFileType = file;
			name = "juce_events";
			path = "~/Develop/JUCE/modules/juce_events";
			sourceTree = "<absolute>";
		};
		16F344935BB5E4AF634DADD1 = {
			isa = PBXFileReference;
			lastKnownFileType = sourcecode.cpp.objcpp;
			name = "include_juce_core.mm";
			path = "../../JuceLibraryCode/include_juce_core.mm";
			sourceTree = "SOURCE_ROOT";
		};
		1768CC5FE44321D087BAD55F = {
			isa = PBXFileReference;
			lastKnownFileType = file;
			name = "juce_core";
			path = "~/Develop/JUCE/modules/juce_core";
			sourceTree = "<absolute>";
		};
		245A4CF8ED1E345F7AE902D6 = {
			isa = PBXFileReference;
			lastKnownFileType = sourcecode.c.h;
			name = RateTransposer.h;
			path = ../../../Submodule/soundtouch/source/SoundTouch/RateTransposer.h;
			sourceTree = "SOURCE_ROOT";
		};
		24CD5607342BAAF5E1E1E463 = {
			isa = PBXFileReference;
			lastKnownFileType = sourcecode.cpp.objcpp;
			name = "include_juce_audio_devices.mm";
			path = "../../JuceLibraryCode/include_juce_audio_devices.mm";
			sourceTree = "SOURCE_ROOT";
		};
		28E8E84CA9D73E8B24CE4D70 = {
			isa = PBXFileReference;
			lastKnownFileType = sourcecode.c.h;
			name = PeakFinder.h;
			path = ../../../Submodule/soundtouch/source/SoundTouch/PeakFinder.h;
			sourceTree = "SOURCE_ROOT";
		};
		302B49BF08310F333E4D473B = {
			isa = PBXFileReference;
			lastKnownFileType = file;
			name = "juce_audio_utils";
			path = "~/Develop/JUCE/modules/juce_audio_utils";
			sourceTree = "<absolute>";
		};
		30E5CCE63416FBEACD809A8C = {
			isa = PBXFileReference;
			lastKnownFileType = sourcecode.cpp.cpp;
			name = SoundTouch.cpp;
			path = ../../../Submodule/soundtouch/source/SoundTouch/SoundTouch.cpp;
			sourceTree = "SOURCE_ROOT";
		};
		38353AE11D756395A483467C = {
			isa = PBXFileReference;
			lastKnownFileType = sourcecode.c.h;
			name = InterpolateCubic.h;
			path = ../../../Submodule/soundtouch/source/SoundTouch/InterpolateCubic.h;
			sourceTree = "SOURCE_ROOT";
		};
		38CED1020F382397B5FC45AA = {
			isa = PBXFileReference;
			lastKnownFileType = sourcecode.cpp.objcpp;
			name = "include_juce_audio_formats.mm";
			path = "../../JuceLibraryCode/include_juce_audio_formats.mm";
			sourceTree = "SOURCE_ROOT";
		};
		3A197BFCE285C7FFE9AEAE8C = {
			isa = PBXFileReference;
			lastKnownFileType = file;
			name = "juce_audio_processors";
			path = "~/Develop/JUCE/modules/juce_audio_processors";
			sourceTree = "<absolute>";
		};
		3BBFAA502FFE0322231059CA = {
			isa = PBXFileReference;
			lastKnownFileType = sourcecode.cpp.objcpp;
			name = "include_juce_data_structures.mm";
			path = "../../JuceLibraryCode/include_juce_data_structures.mm";
			sourceTree = "SOURCE_ROOT";
		};
		3DF199B34319CEB21151492F = {
			isa = PBXFileReference;
			lastKnownFileType = sourcecode.cpp.cpp;
			name = PeakFinder.cpp;
			path = ../../../Submodule/soundtouch/source/SoundTouch/PeakFinder.cpp;
			sourceTree = "SOURCE_ROOT";
		};
		3F1462F87F8B214EF7E87389 = {
			isa = PBXFileReference;
			lastKnownFileType = sourcecode.cpp.cpp;
			name = Melissa.cpp;
			path = ../../Source/AudioLib/Melissa.cpp;
			sourceTree = "SOURCE_ROOT";
		};
		42B984D3E9C75125FA1D7885 = {
			isa = PBXFileReference;
			lastKnownFileType = file;
			name = "juce_data_structures";
			path = "~/Develop/JUCE/modules/juce_data_structures";
			sourceTree = "<absolute>";
		};
		46D862DD24FC58245A34BA06 = {
			isa = PBXFileReference;
			lastKnownFileType = sourcecode.c.h;
			name = BPMDetect.h;
			path = ../../../Submodule/soundtouch/include/BPMDetect.h;
			sourceTree = "SOURCE_ROOT";
		};
		49BD21EE3E719D12B0E101E7 = {
			isa = PBXFileReference;
			lastKnownFileType = sourcecode.c.h;
			name = MelissaLabel.h;
			path = ../../Source/MelissaLabel.h;
			sourceTree = "SOURCE_ROOT";
		};
		4B20DEAEA406997D0C706D9D = {
			isa = PBXFileReference;
			lastKnownFileType = file;
			name = "juce_graphics";
			path = "~/Develop/JUCE/modules/juce_graphics";
			sourceTree = "<absolute>";
		};
		4B36CCBCA98C384089FF41D5 = {
			isa = PBXFileReference;
			lastKnownFileType = file.nib;
			name = RecentFilesMenuTemplate.nib;
			path = RecentFilesMenuTemplate.nib;
			sourceTree = "SOURCE_ROOT";
		};
		4D689FFEC63813C9733B5123 = {
			isa = PBXFileReference;
			lastKnownFileType = wrapper.framework;
			name = Carbon.framework;
			path = System/Library/Frameworks/Carbon.framework;
			sourceTree = SDKROOT;
		};
		4F09099F8D187699651E3E03 = {
			isa = PBXFileReference;
			lastKnownFileType = file;
			name = "juce_gui_basics";
			path = "~/Develop/JUCE/modules/juce_gui_basics";
			sourceTree = "<absolute>";
		};
		5669A76EDFD23AB660BA367E = {
			isa = PBXFileReference;
			lastKnownFileType = sourcecode.c.h;
			name = JuceHeader.h;
			path = ../../JuceLibraryCode/JuceHeader.h;
			sourceTree = "SOURCE_ROOT";
		};
		56FA578BA2C442FAC89F615E = {
			isa = PBXFileReference;
			lastKnownFileType = sourcecode.cpp.cpp;
			name = "sse_optimized.cpp";
			path = "../../../Submodule/soundtouch/source/SoundTouch/sse_optimized.cpp";
			sourceTree = "SOURCE_ROOT";
		};
		57263FFC7A54AE9AC748C674 = {
			isa = PBXFileReference;
			lastKnownFileType = sourcecode.c.h;
			name = AppConfig.h;
			path = ../../JuceLibraryCode/AppConfig.h;
			sourceTree = "SOURCE_ROOT";
		};
		585E88C00A05D8F0036FE91C = {
			isa = PBXFileReference;
			lastKnownFileType = sourcecode.cpp.objcpp;
			name = "include_juce_audio_basics.mm";
			path = "../../JuceLibraryCode/include_juce_audio_basics.mm";
			sourceTree = "SOURCE_ROOT";
		};
		5FE782DD0419B2444BB900DE = {
			isa = PBXFileReference;
			lastKnownFileType = sourcecode.c.h;
			name = "soundtouch_config.h";
			path = "../../Source/soundtouch_config.h";
			sourceTree = "SOURCE_ROOT";
		};
		60A2A4585B994180A8BF8826 = {
			isa = PBXFileReference;
			lastKnownFileType = sourcecode.cpp.cpp;
			name = AAFilter.cpp;
			path = ../../../Submodule/soundtouch/source/SoundTouch/AAFilter.cpp;
			sourceTree = "SOURCE_ROOT";
		};
		60DF4381463E71A52EDB877C = {
			isa = PBXFileReference;
			lastKnownFileType = sourcecode.cpp.cpp;
			name = MainComponent.cpp;
			path = ../../Source/MainComponent.cpp;
			sourceTree = "SOURCE_ROOT";
		};
		627BAFF18D9DD9C9C042A071 = {
			isa = PBXFileReference;
			lastKnownFileType = sourcecode.c.h;
			name = SoundTouch.h;
			path = ../../../Submodule/soundtouch/include/SoundTouch.h;
			sourceTree = "SOURCE_ROOT";
		};
		6478446902A6858772074F68 = {
			isa = PBXFileReference;
			lastKnownFileType = sourcecode.cpp.cpp;
			name = InterpolateLinear.cpp;
			path = ../../../Submodule/soundtouch/source/SoundTouch/InterpolateLinear.cpp;
			sourceTree = "SOURCE_ROOT";
		};
		6802925FF9F730546AC0C40C = {
			isa = PBXFileReference;
			lastKnownFileType = wrapper.framework;
			name = OpenGL.framework;
			path = System/Library/Frameworks/OpenGL.framework;
			sourceTree = SDKROOT;
		};
		69E84B1CACC8085461C20161 = {
			isa = PBXFileReference;
			lastKnownFileType = sourcecode.c.h;
			name = InterpolateLinear.h;
			path = ../../../Submodule/soundtouch/source/SoundTouch/InterpolateLinear.h;
			sourceTree = "SOURCE_ROOT";
		};
		72E3FC203E75498C2F3A15E2 = {
			isa = PBXFileReference;
			lastKnownFileType = sourcecode.cpp.cpp;
			name = "cpu_detect_x86.cpp";
			path = "../../../Submodule/soundtouch/source/SoundTouch/cpu_detect_x86.cpp";
			sourceTree = "SOURCE_ROOT";
		};
		73ADFAD99BF06543B7DBB3C6 = {
			isa = PBXFileReference;
			lastKnownFileType = sourcecode.cpp.cpp;
			name = MelissaControlComponent.cpp;
			path = ../../Source/MelissaControlComponent.cpp;
			sourceTree = "SOURCE_ROOT";
		};
		7766662467CEACDB8C3BEC90 = {
			isa = PBXFileReference;
			lastKnownFileType = wrapper.framework;
			name = CoreMIDI.framework;
			path = System/Library/Frameworks/CoreMIDI.framework;
			sourceTree = SDKROOT;
		};
		7C964B9C5A1891F513C24DDB = {
			isa = PBXFileReference;
			lastKnownFileType = sourcecode.c.h;
			name = "cpu_detect.h";
			path = "../../../Submodule/soundtouch/source/SoundTouch/cpu_detect.h";
			sourceTree = "SOURCE_ROOT";
		};
		7D3036B0F94670519934FF17 = {
			isa = PBXFileReference;
			lastKnownFileType = wrapper.framework;
			name = QuartzCore.framework;
			path = System/Library/Frameworks/QuartzCore.framework;
			sourceTree = SDKROOT;
		};
		808CCCECF8CDCF7E0000E874 = {
			isa = PBXFileReference;
			lastKnownFileType = file;
			name = "juce_audio_devices";
			path = "~/Develop/JUCE/modules/juce_audio_devices";
			sourceTree = "<absolute>";
		};
		813A2DBCBDB90D538FB28D8C = {
			isa = PBXFileReference;
			lastKnownFileType = sourcecode.cpp.objcpp;
			name = "include_juce_opengl.mm";
			path = "../../JuceLibraryCode/include_juce_opengl.mm";
			sourceTree = "SOURCE_ROOT";
		};
		831A3D0101D4B87A7C05E677 = {
			isa = PBXFileReference;
			lastKnownFileType = sourcecode.c.h;
			name = InterpolateShannon.h;
			path = ../../../Submodule/soundtouch/source/SoundTouch/InterpolateShannon.h;
			sourceTree = "SOURCE_ROOT";
		};
		85198D9BE8D259C3B08E6F41 = {
			isa = PBXFileReference;
			lastKnownFileType = sourcecode.cpp.cpp;
			name = InterpolateShannon.cpp;
			path = ../../../Submodule/soundtouch/source/SoundTouch/InterpolateShannon.cpp;
			sourceTree = "SOURCE_ROOT";
		};
		86D8AA891D4D6C0F8064FDFC = {
			isa = PBXFileReference;
			lastKnownFileType = sourcecode.c.h;
			name = MelissaUtility.h;
			path = ../../Source/MelissaUtility.h;
			sourceTree = "SOURCE_ROOT";
		};
		86DA9AF689B44802D795386E = {
			isa = PBXFileReference;
			lastKnownFileType = sourcecode.cpp.objcpp;
			name = "include_juce_audio_utils.mm";
			path = "../../JuceLibraryCode/include_juce_audio_utils.mm";
			sourceTree = "SOURCE_ROOT";
		};
		8A7E6A26302BEF49A71913E9 = {
			isa = PBXFileReference;
			lastKnownFileType = wrapper.framework;
			name = WebKit.framework;
			path = System/Library/Frameworks/WebKit.framework;
			sourceTree = SDKROOT;
		};
		8AF477A83D8A10002923569F = {
			isa = PBXFileReference;
			lastKnownFileType = sourcecode.c.h;
			name = FIFOSampleBuffer.h;
			path = ../../../Submodule/soundtouch/include/FIFOSampleBuffer.h;
			sourceTree = "SOURCE_ROOT";
		};
		8E83D53866603C30C2D69D52 = {
			isa = PBXFileReference;
			lastKnownFileType = sourcecode.c.h;
			name = FIRFilter.h;
			path = ../../../Submodule/soundtouch/source/SoundTouch/FIRFilter.h;
			sourceTree = "SOURCE_ROOT";
		};
		9429DBFDAAD83A8B59788937 = {
			isa = PBXFileReference;
			lastKnownFileType = sourcecode.cpp.cpp;
			name = RateTransposer.cpp;
			path = ../../../Submodule/soundtouch/source/SoundTouch/RateTransposer.cpp;
			sourceTree = "SOURCE_ROOT";
		};
		9891683CAA48465681E875FB = {
			isa = PBXFileReference;
			lastKnownFileType = sourcecode.c.h;
			name = MelissaWaveformControlComponent.h;
			path = ../../Source/MelissaWaveformControlComponent.h;
			sourceTree = "SOURCE_ROOT";
		};
		9A88D1287C54AE10DB0BB16E = {
			isa = PBXFileReference;
			lastKnownFileType = sourcecode.cpp.cpp;
			name = InterpolateCubic.cpp;
			path = ../../../Submodule/soundtouch/source/SoundTouch/InterpolateCubic.cpp;
			sourceTree = "SOURCE_ROOT";
		};
		9B5EF7E06FF4F7DC589785BA = {
			isa = PBXFileReference;
			lastKnownFileType = sourcecode.c.h;
			name = MelissaControlComponent.h;
			path = ../../Source/MelissaControlComponent.h;
			sourceTree = "SOURCE_ROOT";
		};
		9F6487F12371B0892E96C7B5 = {
			isa = PBXFileReference;
			lastKnownFileType = file;
			name = "juce_audio_basics";
			path = "~/Develop/JUCE/modules/juce_audio_basics";
			sourceTree = "<absolute>";
		};
		A847F71E884178D6025B7C1D = {
			isa = PBXFileReference;
			lastKnownFileType = file;
			name = "juce_opengl";
			path = "~/Develop/JUCE/modules/juce_opengl";
			sourceTree = "<absolute>";
		};
		A8829F6FF3C288A26FFF8417 = {
			isa = PBXFileReference;
			lastKnownFileType = sourcecode.c.h;
			name = MelissaDebugComponent.h;
			path = ../../Source/MelissaDebugComponent.h;
			sourceTree = "SOURCE_ROOT";
		};
		AA30FA5E18873B4EA1B39D47 = {
			isa = PBXFileReference;
			lastKnownFileType = sourcecode.cpp.cpp;
			name = MelissaWaveformControlComponent.cpp;
			path = ../../Source/MelissaWaveformControlComponent.cpp;
			sourceTree = "SOURCE_ROOT";
		};
		AD522DAD3DD590148A75B036 = {
			isa = PBXFileReference;
			lastKnownFileType = sourcecode.cpp.cpp;
			name = TDStretch.cpp;
			path = ../../../Submodule/soundtouch/source/SoundTouch/TDStretch.cpp;
			sourceTree = "SOURCE_ROOT";
		};
		B4F08E6E135F001714E03CF1 = {
			isa = PBXFileReference;
			lastKnownFileType = wrapper.framework;
			name = AudioToolbox.framework;
			path = System/Library/Frameworks/AudioToolbox.framework;
			sourceTree = SDKROOT;
		};
		BD37A49C825CB5103005AEF1 = {
			isa = PBXFileReference;
			lastKnownFileType = wrapper.framework;
			name = CoreAudio.framework;
			path = System/Library/Frameworks/CoreAudio.framework;
			sourceTree = SDKROOT;
		};
		C1730ABBBB9288D6C5620526 = {
			isa = PBXFileReference;
			lastKnownFileType = sourcecode.cpp.cpp;
			name = FIRFilter.cpp;
			path = ../../../Submodule/soundtouch/source/SoundTouch/FIRFilter.cpp;
			sourceTree = "SOURCE_ROOT";
		};
		C2B37E56F5BDB4B28009BD00 = {
			isa = PBXFileReference;
			lastKnownFileType = sourcecode.cpp.cpp;
			name = Main.cpp;
			path = ../../Source/Main.cpp;
			sourceTree = "SOURCE_ROOT";
		};
		C55F7E5D1B5FE5366E0C5723 = {
			isa = PBXFileReference;
			lastKnownFileType = file;
			name = "juce_audio_formats";
			path = "~/Develop/JUCE/modules/juce_audio_formats";
			sourceTree = "<absolute>";
		};
		CAD99564A27CE8F845977180 = {
			isa = PBXFileReference;
			lastKnownFileType = wrapper.framework;
			name = Accelerate.framework;
			path = System/Library/Frameworks/Accelerate.framework;
			sourceTree = SDKROOT;
		};
		CCEA002821986E086B42D0A8 = {
			isa = PBXFileReference;
			lastKnownFileType = sourcecode.cpp.cpp;
			name = FIFOSampleBuffer.cpp;
			path = ../../../Submodule/soundtouch/source/SoundTouch/FIFOSampleBuffer.cpp;
			sourceTree = "SOURCE_ROOT";
		};
		D8B06E81A1DA792D512EFEDE = {
			isa = PBXFileReference;
			lastKnownFileType = sourcecode.c.h;
			name = AAFilter.h;
			path = ../../../Submodule/soundtouch/source/SoundTouch/AAFilter.h;
			sourceTree = "SOURCE_ROOT";
		};
		DB78B54CF8E983B6DAD07FA2 = {
			isa = PBXFileReference;
			lastKnownFileType = sourcecode.c.h;
			name = Melissa.h;
			path = ../../Source/AudioLib/Melissa.h;
			sourceTree = "SOURCE_ROOT";
		};
		DCF7B019C6836D63B4CF889B = {
			isa = PBXFileReference;
			lastKnownFileType = wrapper.framework;
			name = Cocoa.framework;
			path = System/Library/Frameworks/Cocoa.framework;
			sourceTree = SDKROOT;
		};
		DD7FF1556B47F44DA36AAB9A = {
			isa = PBXFileReference;
			lastKnownFileType = sourcecode.cpp.objcpp;
			name = "include_juce_gui_extra.mm";
			path = "../../JuceLibraryCode/include_juce_gui_extra.mm";
			sourceTree = "SOURCE_ROOT";
		};
		DFC060CD1A30E9ED0A1860E5 = {
			isa = PBXFileReference;
			lastKnownFileType = sourcecode.c.h;
			name = FIFOSamplePipe.h;
			path = ../../../Submodule/soundtouch/include/FIFOSamplePipe.h;
			sourceTree = "SOURCE_ROOT";
		};
		EAB41B4457844BF5B7AFA491 = {
			isa = PBXFileReference;
			lastKnownFileType = wrapper.framework;
			name = DiscRecording.framework;
			path = System/Library/Frameworks/DiscRecording.framework;
			sourceTree = SDKROOT;
		};
		EEE2A8215A773AA21AD890B7 = {
			isa = PBXFileReference;
			lastKnownFileType = text.plist.xml;
			name = "Info-App.plist";
			path = "Info-App.plist";
			sourceTree = "SOURCE_ROOT";
		};
		F11E91959943E5359F3A894E = {
			isa = PBXFileReference;
			lastKnownFileType = sourcecode.cpp.cpp;
			name = BPMDetect.cpp;
			path = ../../../Submodule/soundtouch/source/SoundTouch/BPMDetect.cpp;
			sourceTree = "SOURCE_ROOT";
		};
		F171BDD8C4E15CE427AC5A4B = {
			isa = PBXFileReference;
			lastKnownFileType = file;
			name = "juce_gui_extra";
			path = "~/Develop/JUCE/modules/juce_gui_extra";
			sourceTree = "<absolute>";
		};
		F998229A0FF1B16829579A32 = {
			isa = PBXFileReference;
			lastKnownFileType = sourcecode.cpp.objcpp;
			name = "include_juce_graphics.mm";
			path = "../../JuceLibraryCode/include_juce_graphics.mm";
			sourceTree = "SOURCE_ROOT";
		};
		FC1173E317E8B10780375208 = {
			isa = PBXFileReference;
			lastKnownFileType = sourcecode.c.h;
			name = MainComponent.h;
			path = ../../Source/MainComponent.h;
			sourceTree = "SOURCE_ROOT";
		};
		FC5A0100EA9DD6B8E0128888 = {
			isa = PBXFileReference;
			lastKnownFileType = sourcecode.cpp.cpp;
			name = "mmx_optimized.cpp";
			path = "../../../Submodule/soundtouch/source/SoundTouch/mmx_optimized.cpp";
			sourceTree = "SOURCE_ROOT";
		};
		FECB551586952B0CE0EEB006 = {
			isa = PBXFileReference;
			lastKnownFileType = sourcecode.cpp.objcpp;
			name = "include_juce_cryptography.mm";
			path = "../../JuceLibraryCode/include_juce_cryptography.mm";
			sourceTree = "SOURCE_ROOT";
		};
		D536BBCAD7491E5DA45157C3 = {
			isa = PBXGroup;
			children = (
				60A2A4585B994180A8BF8826,
				D8B06E81A1DA792D512EFEDE,
				F11E91959943E5359F3A894E,
				46D862DD24FC58245A34BA06,
				7C964B9C5A1891F513C24DDB,
				72E3FC203E75498C2F3A15E2,
				CCEA002821986E086B42D0A8,
				8AF477A83D8A10002923569F,
				DFC060CD1A30E9ED0A1860E5,
				C1730ABBBB9288D6C5620526,
				8E83D53866603C30C2D69D52,
				9A88D1287C54AE10DB0BB16E,
				38353AE11D756395A483467C,
				6478446902A6858772074F68,
				69E84B1CACC8085461C20161,
				85198D9BE8D259C3B08E6F41,
				831A3D0101D4B87A7C05E677,
				FC5A0100EA9DD6B8E0128888,
				3DF199B34319CEB21151492F,
				28E8E84CA9D73E8B24CE4D70,
				9429DBFDAAD83A8B59788937,
				245A4CF8ED1E345F7AE902D6,
				30E5CCE63416FBEACD809A8C,
				627BAFF18D9DD9C9C042A071,
				56FA578BA2C442FAC89F615E,
				1300344A9A074EE943B6BA04,
				AD522DAD3DD590148A75B036,
				07EA4A763E4D2EFE0028FD00,
			);
			name = soundtouch;
			sourceTree = "<group>";
		};
		5F3C59EE16A7574FE24519A2 = {
			isa = PBXGroup;
			children = (
				3F1462F87F8B214EF7E87389,
				DB78B54CF8E983B6DAD07FA2,
			);
			name = AudioLib;
			sourceTree = "<group>";
		};
		E9F1721F868F6EDA77B7EEF1 = {
			isa = PBXGroup;
			children = (
				5F3C59EE16A7574FE24519A2,
				C2B37E56F5BDB4B28009BD00,
				60DF4381463E71A52EDB877C,
				FC1173E317E8B10780375208,
				73ADFAD99BF06543B7DBB3C6,
				9B5EF7E06FF4F7DC589785BA,
				A8829F6FF3C288A26FFF8417,
				49BD21EE3E719D12B0E101E7,
				86D8AA891D4D6C0F8064FDFC,
				AA30FA5E18873B4EA1B39D47,
				9891683CAA48465681E875FB,
				5FE782DD0419B2444BB900DE,
			);
			name = Source;
			sourceTree = "<group>";
		};
		2F90F2269188A738FDC576CA = {
			isa = PBXGroup;
			children = (
				D536BBCAD7491E5DA45157C3,
				E9F1721F868F6EDA77B7EEF1,
			);
			name = Melissa;
			sourceTree = "<group>";
		};
		58A8B7D19028F8BEB594BBCE = {
			isa = PBXGroup;
			children = (
				9F6487F12371B0892E96C7B5,
				808CCCECF8CDCF7E0000E874,
				C55F7E5D1B5FE5366E0C5723,
				3A197BFCE285C7FFE9AEAE8C,
				302B49BF08310F333E4D473B,
				1768CC5FE44321D087BAD55F,
				04806540BFCC216AB57E9967,
				42B984D3E9C75125FA1D7885,
				15DC882ACD07845C25586491,
				4B20DEAEA406997D0C706D9D,
				4F09099F8D187699651E3E03,
				F171BDD8C4E15CE427AC5A4B,
				A847F71E884178D6025B7C1D,
			);
			name = "JUCE Modules";
			sourceTree = "<group>";
		};
		803F7C35AB73509FA7AE9A63 = {
			isa = PBXGroup;
			children = (
				57263FFC7A54AE9AC748C674,
				585E88C00A05D8F0036FE91C,
				24CD5607342BAAF5E1E1E463,
				38CED1020F382397B5FC45AA,
				02C2BCA35EB7BC0A0F4B5158,
				86DA9AF689B44802D795386E,
				16F344935BB5E4AF634DADD1,
				FECB551586952B0CE0EEB006,
				3BBFAA502FFE0322231059CA,
				1559E91B539F055F16BB2F48,
				F998229A0FF1B16829579A32,
				0932D49E6A76E17B2A4AA04A,
				DD7FF1556B47F44DA36AAB9A,
				813A2DBCBDB90D538FB28D8C,
				5669A76EDFD23AB660BA367E,
			);
			name = "JUCE Library Code";
			sourceTree = "<group>";
		};
		FC433FEB96CD91D34995DD49 = {
			isa = PBXGroup;
			children = (
				EEE2A8215A773AA21AD890B7,
				4B36CCBCA98C384089FF41D5,
			);
			name = Resources;
			sourceTree = "<group>";
		};
		0CF48DE1C5C7F7757663629E = {
			isa = PBXGroup;
			children = (
				CAD99564A27CE8F845977180,
				B4F08E6E135F001714E03CF1,
				4D689FFEC63813C9733B5123,
				DCF7B019C6836D63B4CF889B,
				BD37A49C825CB5103005AEF1,
				7766662467CEACDB8C3BEC90,
				EAB41B4457844BF5B7AFA491,
				02DCB9D0F489C159AC88DE26,
				6802925FF9F730546AC0C40C,
				7D3036B0F94670519934FF17,
				8A7E6A26302BEF49A71913E9,
			);
			name = Frameworks;
			sourceTree = "<group>";
		};
		30E06BCEA3E638E8EF08E63B = {
			isa = PBXGroup;
			children = (
				12F5EBD39C0AEA820759125A,
			);
			name = Products;
			sourceTree = "<group>";
		};
		454B512F8D7421B1A06E0813 = {
			isa = PBXGroup;
			children = (
				2F90F2269188A738FDC576CA,
				58A8B7D19028F8BEB594BBCE,
				803F7C35AB73509FA7AE9A63,
				FC433FEB96CD91D34995DD49,
				0CF48DE1C5C7F7757663629E,
				30E06BCEA3E638E8EF08E63B,
			);
			name = Source;
			sourceTree = "<group>";
		};
		9EC503FB843014E7D842E837 = {
			isa = XCBuildConfiguration;
			buildSettings = {
				CLANG_CXX_LANGUAGE_STANDARD = "c++17";
				CLANG_CXX_LIBRARY = "libc++";
				CLANG_LINK_OBJC_RUNTIME = NO;
				COMBINE_HIDPI_IMAGES = YES;
				CONFIGURATION_BUILD_DIR = "$(PROJECT_DIR)/build/$(CONFIGURATION)";
				COPY_PHASE_STRIP = NO;
				GCC_DYNAMIC_NO_PIC = NO;
				GCC_OPTIMIZATION_LEVEL = 0;
				GCC_PREPROCESSOR_DEFINITIONS = (
					"_DEBUG=1",
					"DEBUG=1",
					"JUCER_XCODE_MAC_F6D2F4CF=1",
					"JUCE_APP_VERSION=1.0.0",
					"JUCE_APP_VERSION_HEX=0x10000",
					"JucePlugin_Build_VST=0",
					"JucePlugin_Build_VST3=0",
					"JucePlugin_Build_AU=0",
					"JucePlugin_Build_AUv3=0",
					"JucePlugin_Build_RTAS=0",
					"JucePlugin_Build_AAX=0",
					"JucePlugin_Build_Standalone=0",
					"JucePlugin_Build_Unity=0",
				);
				GCC_VERSION = com.apple.compilers.llvm.clang.1_0;
				HEADER_SEARCH_PATHS = (
					"../../JuceLibraryCode",
					"$(HOME)/Develop/JUCE/modules",
					"$(inherited)",
				);
				INFOPLIST_FILE = Info-App.plist;
				INFOPLIST_PREPROCESS = NO;
				INSTALL_PATH = "$(HOME)/Applications";
				MACOSX_DEPLOYMENT_TARGET = 10.11;
				PRODUCT_BUNDLE_IDENTIFIER = com.yourcompany.Melissa;
				PRODUCT_NAME = "Melissa";
				USE_HEADERMAP = YES;
			};
			name = Debug;
		};
		B572681B2FC3CF0EA18839D4 = {
			isa = XCBuildConfiguration;
			buildSettings = {
				CLANG_CXX_LANGUAGE_STANDARD = "c++17";
				CLANG_CXX_LIBRARY = "libc++";
				CLANG_LINK_OBJC_RUNTIME = NO;
				COMBINE_HIDPI_IMAGES = YES;
				CONFIGURATION_BUILD_DIR = "$(PROJECT_DIR)/build/$(CONFIGURATION)";
				DEAD_CODE_STRIPPING = YES;
				GCC_GENERATE_DEBUGGING_SYMBOLS = NO;
				GCC_OPTIMIZATION_LEVEL = 3;
				GCC_PREPROCESSOR_DEFINITIONS = (
					"_NDEBUG=1",
					"NDEBUG=1",
					"JUCER_XCODE_MAC_F6D2F4CF=1",
					"JUCE_APP_VERSION=1.0.0",
					"JUCE_APP_VERSION_HEX=0x10000",
					"JucePlugin_Build_VST=0",
					"JucePlugin_Build_VST3=0",
					"JucePlugin_Build_AU=0",
					"JucePlugin_Build_AUv3=0",
					"JucePlugin_Build_RTAS=0",
					"JucePlugin_Build_AAX=0",
					"JucePlugin_Build_Standalone=0",
					"JucePlugin_Build_Unity=0",
				);
				GCC_SYMBOLS_PRIVATE_EXTERN = YES;
				GCC_VERSION = com.apple.compilers.llvm.clang.1_0;
				HEADER_SEARCH_PATHS = (
					"../../JuceLibraryCode",
					"$(HOME)/Develop/JUCE/modules",
					"$(inherited)",
				);
				INFOPLIST_FILE = Info-App.plist;
				INFOPLIST_PREPROCESS = NO;
				INSTALL_PATH = "$(HOME)/Applications";
				LLVM_LTO = YES;
				MACOSX_DEPLOYMENT_TARGET = 10.11;
				PRODUCT_BUNDLE_IDENTIFIER = com.yourcompany.Melissa;
				PRODUCT_NAME = "Melissa";
				USE_HEADERMAP = YES;
			};
			name = Release;
		};
		E4597C077E043EF486C71E3F = {
			isa = XCBuildConfiguration;
			buildSettings = {
				ALWAYS_SEARCH_USER_PATHS = NO;
				CLANG_ENABLE_OBJC_WEAK = YES;
				CLANG_WARN_BLOCK_CAPTURE_AUTORELEASING = YES;
				CLANG_WARN_BOOL_CONVERSION = YES;
				CLANG_WARN_COMMA = YES;
				CLANG_WARN_CONSTANT_CONVERSION = YES;
				CLANG_WARN_DEPRECATED_OBJC_IMPLEMENTATIONS = YES;
				CLANG_WARN_EMPTY_BODY = YES;
				CLANG_WARN_ENUM_CONVERSION = YES;
				CLANG_WARN_INFINITE_RECURSION = YES;
				CLANG_WARN_INT_CONVERSION = YES;
				CLANG_WARN_NON_LITERAL_NULL_CONVERSION = YES;
				CLANG_WARN_OBJC_IMPLICIT_RETAIN_SELF = YES;
				CLANG_WARN_OBJC_LITERAL_CONVERSION = YES;
				CLANG_WARN_RANGE_LOOP_ANALYSIS = YES;
				CLANG_WARN_STRICT_PROTOTYPES = YES;
				CLANG_WARN_SUSPICIOUS_MOVE = YES;
				CLANG_WARN_UNREACHABLE_CODE = YES;
				CLANG_WARN__DUPLICATE_METHOD_MATCH = YES;
				DEBUG_INFORMATION_FORMAT = dwarf;
				ENABLE_STRICT_OBJC_MSGSEND = YES;
				ENABLE_TESTABILITY = YES;
				GCC_C_LANGUAGE_STANDARD = c11;
				GCC_INLINES_ARE_PRIVATE_EXTERN = YES;
				GCC_MODEL_TUNING = G5;
				GCC_NO_COMMON_BLOCKS = YES;
				GCC_WARN_64_TO_32_BIT_CONVERSION = YES;
				GCC_WARN_ABOUT_RETURN_TYPE = YES;
				GCC_WARN_CHECK_SWITCH_STATEMENTS = YES;
				GCC_WARN_MISSING_PARENTHESES = YES;
				GCC_WARN_NON_VIRTUAL_DESTRUCTOR = YES;
				GCC_WARN_TYPECHECK_CALLS_TO_PRINTF = YES;
				GCC_WARN_UNDECLARED_SELECTOR = YES;
				GCC_WARN_UNINITIALIZED_AUTOS = YES;
				GCC_WARN_UNUSED_FUNCTION = YES;
				GCC_WARN_UNUSED_VARIABLE = YES;
				ONLY_ACTIVE_ARCH = YES;
				PRODUCT_NAME = "Melissa";
				WARNING_CFLAGS = "-Wreorder";
				ZERO_LINK = NO;
			};
			name = Debug;
		};
		03EC51ABB28F80965BFA5DD2 = {
			isa = XCBuildConfiguration;
			buildSettings = {
				ALWAYS_SEARCH_USER_PATHS = NO;
				CLANG_ENABLE_OBJC_WEAK = YES;
				CLANG_WARN_BLOCK_CAPTURE_AUTORELEASING = YES;
				CLANG_WARN_BOOL_CONVERSION = YES;
				CLANG_WARN_COMMA = YES;
				CLANG_WARN_CONSTANT_CONVERSION = YES;
				CLANG_WARN_DEPRECATED_OBJC_IMPLEMENTATIONS = YES;
				CLANG_WARN_EMPTY_BODY = YES;
				CLANG_WARN_ENUM_CONVERSION = YES;
				CLANG_WARN_INFINITE_RECURSION = YES;
				CLANG_WARN_INT_CONVERSION = YES;
				CLANG_WARN_NON_LITERAL_NULL_CONVERSION = YES;
				CLANG_WARN_OBJC_IMPLICIT_RETAIN_SELF = YES;
				CLANG_WARN_OBJC_LITERAL_CONVERSION = YES;
				CLANG_WARN_RANGE_LOOP_ANALYSIS = YES;
				CLANG_WARN_STRICT_PROTOTYPES = YES;
				CLANG_WARN_SUSPICIOUS_MOVE = YES;
				CLANG_WARN_UNREACHABLE_CODE = YES;
				CLANG_WARN__DUPLICATE_METHOD_MATCH = YES;
				DEBUG_INFORMATION_FORMAT = dwarf;
				ENABLE_STRICT_OBJC_MSGSEND = YES;
				GCC_C_LANGUAGE_STANDARD = c11;
				GCC_INLINES_ARE_PRIVATE_EXTERN = YES;
				GCC_MODEL_TUNING = G5;
				GCC_NO_COMMON_BLOCKS = YES;
				GCC_WARN_64_TO_32_BIT_CONVERSION = YES;
				GCC_WARN_ABOUT_RETURN_TYPE = YES;
				GCC_WARN_CHECK_SWITCH_STATEMENTS = YES;
				GCC_WARN_MISSING_PARENTHESES = YES;
				GCC_WARN_NON_VIRTUAL_DESTRUCTOR = YES;
				GCC_WARN_TYPECHECK_CALLS_TO_PRINTF = YES;
				GCC_WARN_UNDECLARED_SELECTOR = YES;
				GCC_WARN_UNINITIALIZED_AUTOS = YES;
				GCC_WARN_UNUSED_FUNCTION = YES;
				GCC_WARN_UNUSED_VARIABLE = YES;
				PRODUCT_NAME = "Melissa";
				WARNING_CFLAGS = "-Wreorder";
				ZERO_LINK = NO;
			};
			name = Release;
		};
		500EF3644F3FF99FF9542736 = {
			isa = PBXTargetDependency;
			target = B20050DB0486B13C02459057;
		};
		28BFF5D5269E332022533CCA = {
			isa = XCConfigurationList;
			buildConfigurations = (
				E4597C077E043EF486C71E3F,
				03EC51ABB28F80965BFA5DD2,
			);
			defaultConfigurationIsVisible = 0;
			defaultConfigurationName = Debug;
		};
		20AE2A0A8D44CB865E2F71A1 = {
			isa = XCConfigurationList;
			buildConfigurations = (
				9EC503FB843014E7D842E837,
				B572681B2FC3CF0EA18839D4,
			);
			defaultConfigurationIsVisible = 0;
			defaultConfigurationName = Debug;
		};
		1DC77948689B1C07DFF16DF3 = {
			isa = PBXResourcesBuildPhase;
			buildActionMask = 2147483647;
			files = (
				9B60DCDCDF448C33EEA2A19C,
			);
			runOnlyForDeploymentPostprocessing = 0;
		};
		2B72516B4107BC7E5C3B2921 = {
			isa = PBXSourcesBuildPhase;
			buildActionMask = 2147483647;
			files = (
				E83E52C21959AB217DA00237,
				F87039CCEECA08B13528EA84,
				E8902BCAA320F4EDE9F0D680,
				F2D8693709479DA3FB30D6DA,
				2B4A677E0F59FDFBCD2AFA3C,
				895989632B25581509DFD427,
				8BEDC2B143E7A8948072D595,
				075D7C914F4DF05DC4E9C3F3,
				D158F39FDC77A9BEFEBC2AE7,
				1F4B23233E3BAF0D09A5A823,
				5875A312AE1FD93EFDD6C5B2,
				67E9DFA725DA86BE96C458C6,
				3B7BB5395694096D0158A7CA,
				AA95AFC8D02F02488B1A4862,
				E5F7F371CCED3F7673A735FA,
				5515F4E5A1F0D1A9A7A21DA3,
				9F51584DC3C4A6028EFBF0B0,
				43F767D1C8AAD3285A2D6F3A,
				6BC5CD797691B2DB07AB1B6C,
				50361DE208C85E532BB64F9B,
				E415B2B4C6F536769AB00B93,
				59017FB25AC3FD9FD315F4FE,
				8E35AC712F3C2496D0D2CCA8,
				68DF92CC9249CCE36E9FF05F,
				563E221C1A262A69166524A7,
				5499BBAE8C2E13369E765F4B,
				AD28CD655271922AAA8DE2E2,
				D775B92926C22F7BB4D26120,
				9088C60BB70F14F430A569AA,
				B492261B813CA2006AEC969C,
				2A2EA1B1C6B90CBE8F64071B,
				2E7A9D28DBFE18122B717166,
			);
			runOnlyForDeploymentPostprocessing = 0;
		};
		F93666C4182C981FDE875C0E = {
			isa = PBXFrameworksBuildPhase;
			buildActionMask = 2147483647;
			files = (
				DD9DFEE7736BDF566AF15EFB,
				95F94E1A50C1A8DCC02B7C91,
				0A21EC1E036CB21276662565,
				16A7C7B850440B7F5FC712B8,
				56AA9E80A9B73CCC862F6148,
				68A622DCB0FD454652820FBD,
				26F9517DE57D4DA981C38D18,
				CEFE968253F80411D0A54C55,
				FCB031F3C6AFD0BBEDD63A1B,
				B3929392E3411470584DEB60,
				636C25EB909AAAD34B6E3A57,
			);
			runOnlyForDeploymentPostprocessing = 0;
		};
		B20050DB0486B13C02459057 = {
			isa = PBXNativeTarget;
			buildConfigurationList = 20AE2A0A8D44CB865E2F71A1;
			buildPhases = (
				1DC77948689B1C07DFF16DF3,
				2B72516B4107BC7E5C3B2921,
				F93666C4182C981FDE875C0E,
			);
			buildRules = ( );
			dependencies = ( );
			name = "Melissa - App";
			productName = Melissa;
			productReference = 12F5EBD39C0AEA820759125A;
			productType = "com.apple.product-type.application";
		};
		7B6AAFAA6062749FBB12FE1E = {
			isa = PBXProject;
			buildConfigurationList = 28BFF5D5269E332022533CCA;
			attributes = { LastUpgradeCheck = 1010; ORGANIZATIONNAME = ""; TargetAttributes = { B20050DB0486B13C02459057 = { SystemCapabilities = {com.apple.ApplicationGroups.iOS = { enabled = 0; }; com.apple.InAppPurchase = { enabled = 0; }; com.apple.InterAppAudio = { enabled = 0; }; com.apple.Push = { enabled = 0; }; com.apple.Sandbox = { enabled = 0; }; com.apple.HardenedRuntime = { enabled = 0; }; }; }; }; };
			compatibilityVersion = "Xcode 3.2";
			hasScannedForEncodings = 0;
			mainGroup = 454B512F8D7421B1A06E0813;
			projectDirPath = "";
			projectRoot = "";
			targets = (B20050DB0486B13C02459057);
			knownRegions = (en, Base);
		};
	};
	rootObject = 7B6AAFAA6062749FBB12FE1E;
}
